
Microsoft Visual Studio Solution File, Format Version 12.00
# Visual Studio Version 17
VisualStudioVersion = 17.6.33815.320
MinimumVisualStudioVersion = 10.0.40219.1
Project("{FAE04EC0-301F-11D3-BF4B-00C04F79EFBC}") = "BulkyWeb", "BulkyWeb\BulkyWeb.csproj", "{3440A769-B945-4B19-B55A-EBC83E917B4E}"
EndProject
Global
	GlobalSection(SolutionConfigurationPlatforms) = preSolution
		Debug|Any CPU = Debug|Any CPU
		Release|Any CPU = Release|Any CPU
	EndGlobalSection
	GlobalSection(ProjectConfigurationPlatforms) = postSolution
		{3440A769-B945-4B19-B55A-EBC83E917B4E}.Debug|Any CPU.ActiveCfg = Debug|Any CPU
		{3440A769-B945-4B19-B55A-EBC83E917B4E}.Debug|Any CPU.Build.0 = Debug|Any CPU
		{3440A769-B945-4B19-B55A-EBC83E917B4E}.Release|Any CPU.ActiveCfg = Release|Any CPU
		{3440A769-B945-4B19-B55A-EBC83E917B4E}.Release|Any CPU.Build.0 = Release|Any CPU
	EndGlobalSection
	GlobalSection(SolutionProperties) = preSolution
		HideSolutionNode = FALSE
	EndGlobalSection
	GlobalSection(ExtensibilityGlobals) = postSolution
		SolutionGuid = {79674E59-77D6-4F42-98C6-A86DDB4F1FE5}
	EndGlobalSection
EndGlobal
